// !$*UTF8*$!
{
	archiveVersion = 1;
	classes = {
	};
	objectVersion = 56;
	objects = {

/* Begin PBXBuildFile section */
		016B1ADA701486EC2B715B92 /* GlassComponents.swift in Sources */ = {isa = PBXBuildFile; fileRef = C4C641288A47B71AED2B5B2A /* GlassComponents.swift */; };
		01C113F80E1B42F783EB72DC /* MainDetailView.swift in Sources */ = {isa = PBXBuildFile; fileRef = 87DA9C0CED034F4785F1B2FB /* MainDetailView.swift */; };
		056B802DFD1A814921946476 /* EditorStore+RealtimeSubscriptions.swift in Sources */ = {isa = PBXBuildFile; fileRef = 6E997DEEA064B81D83FD7F05 /* EditorStore+RealtimeSubscriptions.swift */; };
		083FFA444D8304CB32281877 /* MarkdownTableBlocks.swift in Sources */ = {isa = PBXBuildFile; fileRef = D646892B5257473211F8643E /* MarkdownTableBlocks.swift */; };
		08A4911C069F89659124B015 /* PanelToolbar.swift in Sources */ = {isa = PBXBuildFile; fileRef = EBB1449E28151B7DC033BF28 /* PanelToolbar.swift */; };
		0B8D3A7DF48A6D3705D08A1D /* MetaCampaignDetailPanel.swift in Sources */ = {isa = PBXBuildFile; fileRef = 27057ED54EF86B774D3410D0 /* MetaCampaignDetailPanel.swift */; };
		10C05533931EFB19A161D509 /* TeamChatStore.swift in Sources */ = {isa = PBXBuildFile; fileRef = DED5AE218F6C3276C3C94EF2 /* TeamChatStore.swift */; };
		10E9884A1BC4429D964D7086 /* DetailComponents.swift in Sources */ = {isa = PBXBuildFile; fileRef = 7FDBF18331CA4307A522FEEA /* DetailComponents.swift */; };
		157B109A519D43198FF416C5 /* DetailWrappers.swift in Sources */ = {isa = PBXBuildFile; fileRef = 2C24DBE2DEB147308D183279 /* DetailWrappers.swift */; };
		1AB7818AFD6D8215FE6BC2F7 /* BuildFile in Sources */ = {isa = PBXBuildFile; };
		21A51D2DA2CCB6420E0D3B44 /* BuildFile in Sources */ = {isa = PBXBuildFile; };
		26904178A4DDB5FEB9669EBD /* MarkdownCodeBlock.swift in Sources */ = {isa = PBXBuildFile; fileRef = ADD529C31FCE3421DB0C9C96 /* MarkdownCodeBlock.swift */; };
		2E08603673A80283FDAB37D5 /* EditorStore+Resend.swift in Sources */ = {isa = PBXBuildFile; fileRef = 3B5188010AC5D2CD46FE496B /* EditorStore+Resend.swift */; };
		31633C0293205FD6D5BDA791 /* StatusBadge.swift in Sources */ = {isa = PBXBuildFile; fileRef = E0D997DDACBD653A34A02167 /* StatusBadge.swift */; };
		3517DD6743A397516EC989E4 /* OpenTabItem.swift in Sources */ = {isa = PBXBuildFile; fileRef = BB176339E487F3BE4BEE44E4 /* OpenTabItem.swift */; };
		37572BCC34D1DD6C9D9B12BB /* PaymentService.swift in Sources */ = {isa = PBXBuildFile; fileRef = 3652BB4CA22A77EFC07AC14A /* PaymentService.swift */; };
		3BF1D0F782574BF28E60059A /* MainSidebar.swift in Sources */ = {isa = PBXBuildFile; fileRef = 6409AB0A36FA4B0DAFE9CD1F /* MainSidebar.swift */; };
		3BF63D08F0C9297CBB0F0650 /* MetaIntegrationDetailPanel.swift in Sources */ = {isa = PBXBuildFile; fileRef = 5CB51E15DC125099B2A4A678 /* MetaIntegrationDetailPanel.swift */; };
		3CBB5B4AFD3F2DFE57091F05 /* EmailAccount.swift in Sources */ = {isa = PBXBuildFile; fileRef = 72CFED3BDBA8CF05B9726E0F /* EmailAccount.swift */; };
		49D480EE888D3D55D190C74C /* EditorStore+TabManagement.swift in Sources */ = {isa = PBXBuildFile; fileRef = 9C3B2C7358DD27BA111462E7 /* EditorStore+TabManagement.swift */; };
		4BFD79F0494049A2B6D87728 /* SyncService.swift in Sources */ = {isa = PBXBuildFile; fileRef = D045171D32E041B5820F932E /* SyncService.swift */; };
		54D7FA926D21BC65D993D2CF /* ResendEmail.swift in Sources */ = {isa = PBXBuildFile; fileRef = A9AF491E538DBE3F7B1C89C2 /* ResendEmail.swift */; };
		6795C10CF210455184DC0017 /* Logger.swift in Sources */ = {isa = PBXBuildFile; fileRef = 75C8C1D400444D21A994CFD6 /* Logger.swift */; };
		69E8F88CF5E738D72FDE2C5A /* EditorStore+StoreManagement.swift in Sources */ = {isa = PBXBuildFile; fileRef = AE532C0107D5B6F73F8FB4C9 /* EditorStore+StoreManagement.swift */; };
		6FF658B918CE4253A4309A96 /* AppleContentView.swift in Sources */ = {isa = PBXBuildFile; fileRef = 2EA20C4960DD4A76BE9704B6 /* AppleContentView.swift */; };
		77A29F2EDA4D028CEBAFAFF6 /* EditorTabComponents.swift in Sources */ = {isa = PBXBuildFile; fileRef = 9E4D920BBE26B7B36A6CCAB1 /* EditorTabComponents.swift */; };
		7CF35BFFD7E887D567C3D6A5 /* EmailDomainSettingsView.swift in Sources */ = {isa = PBXBuildFile; fileRef = DEA17BA81F22F9F313A8D428 /* EmailDomainSettingsView.swift */; };
		875C25FAC29F46FF9DD3CFBC /* SelectableChip.swift in Sources */ = {isa = PBXBuildFile; fileRef = 4D0A3267247E48979D99C75F /* SelectableChip.swift */; };
		888B5B2FF9EDB79C5BA116C6 /* NewStoreSheet.swift in Sources */ = {isa = PBXBuildFile; fileRef = 76F09114B64EC1881FD6A75D /* NewStoreSheet.swift */; };
		9355917976DFD7DCE615719F /* ChatService.swift in Sources */ = {isa = PBXBuildFile; fileRef = E13E9796FDD6C45C1E624D9B /* ChatService.swift */; };
		941A13DDB5CA4024808A7AF8 /* Haptics.swift in Sources */ = {isa = PBXBuildFile; fileRef = 5124F11AFF49423DB19831E4 /* Haptics.swift */; };
		99F7D86E9CCBDF17EA993985 /* EmailCategory.swift in Sources */ = {isa = PBXBuildFile; fileRef = E679485E9F62BF1F1D0496D5 /* EmailCategory.swift */; };
		A6275971942655122016D482 /* EmailCampaignDetailPanel.swift in Sources */ = {isa = PBXBuildFile; fileRef = 8C9B5CD13F2F776DDB660C68 /* EmailCampaignDetailPanel.swift */; };
		A93843508C2D3AB315E834D8 /* TeamChatView.swift in Sources */ = {isa = PBXBuildFile; fileRef = 1A4ABBBD345DE63725C979D6 /* TeamChatView.swift */; };
		AA1B2C3D4E5F678901234001 /* AIAgent.swift in Sources */ = {isa = PBXBuildFile; fileRef = AA1B2C3D4E5F678901234002 /* AIAgent.swift */; };
		ABAF4F978CDEEC6ECEB2C60D /* WilsonTheme.swift in Sources */ = {isa = PBXBuildFile; fileRef = B7FA781BDC9835C7F5C476E3 /* WilsonTheme.swift */; };
		AD4D69BBAFA165B7D1D3E1A6 /* CartService.swift in Sources */ = {isa = PBXBuildFile; fileRef = F46FDE28B2580AC21A422229 /* CartService.swift */; };
		AGENT002 /* AgentConfigPanel.swift in Sources */ = {isa = PBXBuildFile; fileRef = AGENT001 /* AgentConfigPanel.swift */; };
		AGENTCLIENT002 /* AgentClient.swift in Sources */ = {isa = PBXBuildFile; fileRef = AGENTCLIENT001 /* AgentClient.swift */; };
		AGENTPROC002 /* AgentProcessManager.swift in Sources */ = {isa = PBXBuildFile; fileRef = AGENTPROC001 /* AgentProcessManager.swift */; };
		AIAGENT002 /* EditorStore+AIAgents.swift in Sources */ = {isa = PBXBuildFile; fileRef = AIAGENT001 /* EditorStore+AIAgents.swift */; };
		AICHAT002 /* AIChatPane.swift in Sources */ = {isa = PBXBuildFile; fileRef = AICHAT001 /* AIChatPane.swift */; };
		AICHAT004 /* AIChatStore.swift in Sources */ = {isa = PBXBuildFile; fileRef = AICHAT003 /* AIChatStore.swift */; };
		B0DD1CB668504C3BB8A8C297 /* NavigationItem.swift in Sources */ = {isa = PBXBuildFile; fileRef = 246D1E14FF36451D9E0A3154 /* NavigationItem.swift */; };
		B25D681FC4B50617B90180BD /* FreezeDebugger.swift in Sources */ = {isa = PBXBuildFile; fileRef = 9784A1FFCD36C824D3876DED /* FreezeDebugger.swift */; };
		B81F6CB4F14856C1C1F794F1 /* LiquidGlass.swift in Sources */ = {isa = PBXBuildFile; fileRef = F166BF5D3473B66683BCC2DF /* LiquidGlass.swift */; };
		BB9396136B4166BC80284B09 /* ModalComponents.swift in Sources */ = {isa = PBXBuildFile; fileRef = 3923728FA5FA7581B5F98084 /* ModalComponents.swift */; };
		BF001 /* SwagManagerApp.swift in Sources */ = {isa = PBXBuildFile; fileRef = SF001 /* SwagManagerApp.swift */; };
		BF002 /* ContentView.swift in Sources */ = {isa = PBXBuildFile; fileRef = SF002 /* ContentView.swift */; };
		BF003 /* AuthView.swift in Sources */ = {isa = PBXBuildFile; fileRef = SF003 /* AuthView.swift */; };
		BF005 /* AuthManager.swift in Sources */ = {isa = PBXBuildFile; fileRef = SF005 /* AuthManager.swift */; };
		BF006 /* SupabaseService.swift in Sources */ = {isa = PBXBuildFile; fileRef = SF006 /* SupabaseService.swift */; };
		BF010 /* AnyCodable.swift in Sources */ = {isa = PBXBuildFile; fileRef = SF010 /* AnyCodable.swift */; };
		BF011 /* SettingsView.swift in Sources */ = {isa = PBXBuildFile; fileRef = SF011 /* SettingsView.swift */; };
		BF012 /* Supabase in Frameworks */ = {isa = PBXBuildFile; productRef = PD001 /* Supabase */; };
		BF013 /* SwiftSoup in Frameworks */ = {isa = PBXBuildFile; productRef = PD002 /* SwiftSoup */; };
		BF014 /* Chat.swift in Sources */ = {isa = PBXBuildFile; fileRef = SF013 /* Chat.swift */; };
		BF016 /* MarkdownText.swift in Sources */ = {isa = PBXBuildFile; fileRef = SF015 /* MarkdownText.swift */; };
		BF910 /* DesignSystem.swift in Sources */ = {isa = PBXBuildFile; fileRef = SF910 /* DesignSystem.swift */; };
		BF915 /* StateViews.swift in Sources */ = {isa = PBXBuildFile; fileRef = SF915 /* StateViews.swift */; };
		BF916 /* ChatComponents.swift in Sources */ = {isa = PBXBuildFile; fileRef = SF916 /* ChatComponents.swift */; };
		BF917 /* ButtonStyles.swift in Sources */ = {isa = PBXBuildFile; fileRef = SF917 /* ButtonStyles.swift */; };
		BF919 /* Formatters.swift in Sources */ = {isa = PBXBuildFile; fileRef = SF919 /* Formatters.swift */; };
		BFB68F9CE43C11A18522A01C /* SupabaseDecoder.swift in Sources */ = {isa = PBXBuildFile; fileRef = 847EF2E6EF2603E411B2BF5B /* SupabaseDecoder.swift */; };
		BFWZM /* WindowZoomManager.swift in Sources */ = {isa = PBXBuildFile; fileRef = SFWZM /* WindowZoomManager.swift */; };
		C305E57D422FF2118AF02153 /* MarkdownParser.swift in Sources */ = {isa = PBXBuildFile; fileRef = F02AF96328BE578E43804220 /* MarkdownParser.swift */; };
		C746FE7DDA1A3A62A9986699 /* MarkdownTextBlocks.swift in Sources */ = {isa = PBXBuildFile; fileRef = 3900932E64BF678E6CB4C6DE /* MarkdownTextBlocks.swift */; };
		CAC4ED1A00000001DEADBEEF /* CachedAsyncImage.swift in Sources */ = {isa = PBXBuildFile; fileRef = CAC4ED1B00000002DEADBEEF /* CachedAsyncImage.swift */; };
		CADD9A21979C3EEDFA1E57A3 /* EditorStore+Conversations.swift in Sources */ = {isa = PBXBuildFile; fileRef = D4A7EDDA052CB3F913F685A5 /* EditorStore+Conversations.swift */; };
		D017E131684C0759D1D1C35B /* StoreModels.swift in Sources */ = {isa = PBXBuildFile; fileRef = BCADD87914F0AB0C5B180C63 /* StoreModels.swift */; };
		D44B8AC5654D01FFDBB62B67 /* CampaignService.swift in Sources */ = {isa = PBXBuildFile; fileRef = 3DB5AAC8CC725B2066E83642 /* CampaignService.swift */; };
		D5BCBDDB63F483512BF3C47A /* PaymentTypes.swift in Sources */ = {isa = PBXBuildFile; fileRef = 55E3A32E4AD753FFBDE19EA6 /* PaymentTypes.swift */; };
		D821E5D1B9C6823F201C662D /* Register.swift in Sources */ = {isa = PBXBuildFile; fileRef = 0DB9903877369AD9B4E922F3 /* Register.swift */; };
		D8B59C45DB9F5C201F1954D1 /* StoreEmailDomain.swift in Sources */ = {isa = PBXBuildFile; fileRef = 0C2ACD16B43B30FC3BE917B2 /* StoreEmailDomain.swift */; };
		E69EC3886DAC42A5B1E04F53 /* SDSidebarItem.swift in Sources */ = {isa = PBXBuildFile; fileRef = 4F5B099B3F1841D384B8DBC4 /* SDSidebarItem.swift */; };
		EA2FDC792460646CC8999AD9 /* EditorStore+Sidebar.swift in Sources */ = {isa = PBXBuildFile; fileRef = 9ABBF47A18E3DFF490AF1A29 /* EditorStore+Sidebar.swift */; };
		F3D41362AE5E153395F7121A /* Campaign.swift in Sources */ = {isa = PBXBuildFile; fileRef = AEDA9B3F9BE988BFAEB925F0 /* Campaign.swift */; };
		F44A25A0D38540B6836E6DE7 /* DetailListViews.swift in Sources */ = {isa = PBXBuildFile; fileRef = 9A98EA59D1A740D68F892225 /* DetailListViews.swift */; };
		FD0576316548D25A7B05F248 /* EditorStore+CampaignManagement.swift in Sources */ = {isa = PBXBuildFile; fileRef = 6A202DCE559EA3D0CD05F1F5 /* EditorStore+CampaignManagement.swift */; };
		INBOX0001BF /* InboxEmail.swift in Sources */ = {isa = PBXBuildFile; fileRef = INBOX0002FR /* InboxEmail.swift */; };
		INBOX0003BF /* InboxListView.swift in Sources */ = {isa = PBXBuildFile; fileRef = INBOX0004FR /* InboxListView.swift */; };
		INBOX0005BF /* ThreadDetailView.swift in Sources */ = {isa = PBXBuildFile; fileRef = INBOX0006FR /* ThreadDetailView.swift */; };
		INBOX0007BF /* EditorStore+Inbox.swift in Sources */ = {isa = PBXBuildFile; fileRef = INBOX0008FR /* EditorStore+Inbox.swift */; };
		RTEB0001 /* RealtimeEventBus.swift in Sources */ = {isa = PBXBuildFile; fileRef = RTEB0002 /* RealtimeEventBus.swift */; };
		SETTINGSCOMP02 /* SettingsComponents.swift in Sources */ = {isa = PBXBuildFile; fileRef = SETTINGSCOMP01 /* SettingsComponents.swift */; };
		TELEMPANEL002 /* TelemetryPanel.swift in Sources */ = {isa = PBXBuildFile; fileRef = TELEMPANEL001 /* TelemetryPanel.swift */; };
		TELEMSERV002 /* TelemetryService.swift in Sources */ = {isa = PBXBuildFile; fileRef = TELEMSERV001 /* TelemetryService.swift */; };
		USERTOOL001 /* UserTool.swift in Sources */ = {isa = PBXBuildFile; fileRef = USERTOOL002 /* UserTool.swift */; };
		USERTOOLS002 /* EditorStore+UserTools.swift in Sources */ = {isa = PBXBuildFile; fileRef = USERTOOLS001 /* EditorStore+UserTools.swift */; };
/* End PBXBuildFile section */

/* Begin PBXFileReference section */
		08637FF5F3F22AD1B75536D2 /* ReactRenderTemplate.swift */ = {isa = PBXFileReference; includeInIndex = 1; lastKnownFileType = sourcecode.swift; path = ReactRenderTemplate.swift; sourceTree = "<group>"; };
		0C2ACD16B43B30FC3BE917B2 /* StoreEmailDomain.swift */ = {isa = PBXFileReference; includeInIndex = 1; lastKnownFileType = sourcecode.swift; path = StoreEmailDomain.swift; sourceTree = "<group>"; };
		0DB9903877369AD9B4E922F3 /* Register.swift */ = {isa = PBXFileReference; includeInIndex = 1; lastKnownFileType = sourcecode.swift; name = Register.swift; path = SwagManager/Models/Register.swift; sourceTree = "<group>"; };
		1A4ABBBD345DE63725C979D6 /* TeamChatView.swift */ = {isa = PBXFileReference; lastKnownFileType = sourcecode.swift; path = TeamChatView.swift; sourceTree = "<group>"; };
		246D1E14FF36451D9E0A3154 /* NavigationItem.swift */ = {isa = PBXFileReference; lastKnownFileType = sourcecode.swift; name = NavigationItem.swift; path = SwagManager/Core/Navigation/NavigationItem.swift; sourceTree = "<group>"; };
		27057ED54EF86B774D3410D0 /* MetaCampaignDetailPanel.swift */ = {isa = PBXFileReference; includeInIndex = 1; lastKnownFileType = sourcecode.swift; path = MetaCampaignDetailPanel.swift; sourceTree = "<group>"; };
		2C24DBE2DEB147308D183279 /* DetailWrappers.swift */ = {isa = PBXFileReference; lastKnownFileType = sourcecode.swift; path = SwagManager/Core/Views/Detail/DetailWrappers.swift; sourceTree = "<group>"; };
		2EA20C4960DD4A76BE9704B6 /* AppleContentView.swift */ = {isa = PBXFileReference; lastKnownFileType = sourcecode.swift; name = AppleContentView.swift; path = SwagManager/Core/Views/AppleContentView.swift; sourceTree = "<group>"; };
		3652BB4CA22A77EFC07AC14A /* PaymentService.swift */ = {isa = PBXFileReference; includeInIndex = 1; lastKnownFileType = sourcecode.swift; name = PaymentService.swift; path = SwagManager/Services/PaymentService.swift; sourceTree = "<group>"; };
		3900932E64BF678E6CB4C6DE /* MarkdownTextBlocks.swift */ = {isa = PBXFileReference; includeInIndex = 1; lastKnownFileType = sourcecode.swift; path = MarkdownTextBlocks.swift; sourceTree = "<group>"; };
		3923728FA5FA7581B5F98084 /* ModalComponents.swift */ = {isa = PBXFileReference; includeInIndex = 1; lastKnownFileType = sourcecode.swift; path = ModalComponents.swift; sourceTree = "<group>"; };
		3B5188010AC5D2CD46FE496B /* EditorStore+Resend.swift */ = {isa = PBXFileReference; includeInIndex = 1; lastKnownFileType = sourcecode.swift; name = "EditorStore+Resend.swift"; path = "SwagManager/Stores/EditorStore+Resend.swift"; sourceTree = "<group>"; };
		3DB5AAC8CC725B2066E83642 /* CampaignService.swift */ = {isa = PBXFileReference; includeInIndex = 1; lastKnownFileType = sourcecode.swift; path = CampaignService.swift; sourceTree = "<group>"; };
		4D0A3267247E48979D99C75F /* SelectableChip.swift */ = {isa = PBXFileReference; lastKnownFileType = sourcecode.swift; name = SelectableChip.swift; path = SwagManager/Components/SelectableChip.swift; sourceTree = "<group>"; };
		4F5B099B3F1841D384B8DBC4 /* SDSidebarItem.swift */ = {isa = PBXFileReference; lastKnownFileType = sourcecode.swift; path = SwagManager/Core/Navigation/SDSidebarItem.swift; sourceTree = "<group>"; };
		5124F11AFF49423DB19831E4 /* Haptics.swift */ = {isa = PBXFileReference; lastKnownFileType = sourcecode.swift; name = Haptics.swift; path = SwagManager/Utilities/Haptics.swift; sourceTree = "<group>"; };
		55E3A32E4AD753FFBDE19EA6 /* PaymentTypes.swift */ = {isa = PBXFileReference; includeInIndex = 1; lastKnownFileType = sourcecode.swift; name = PaymentTypes.swift; path = SwagManager/Services/PaymentTypes.swift; sourceTree = "<group>"; };
		5CB51E15DC125099B2A4A678 /* MetaIntegrationDetailPanel.swift */ = {isa = PBXFileReference; includeInIndex = 1; lastKnownFileType = sourcecode.swift; path = MetaIntegrationDetailPanel.swift; sourceTree = "<group>"; };
		6409AB0A36FA4B0DAFE9CD1F /* MainSidebar.swift */ = {isa = PBXFileReference; lastKnownFileType = sourcecode.swift; path = SwagManager/Core/Views/Sidebar/MainSidebar.swift; sourceTree = "<group>"; };
		6A202DCE559EA3D0CD05F1F5 /* EditorStore+CampaignManagement.swift */ = {isa = PBXFileReference; includeInIndex = 1; lastKnownFileType = sourcecode.swift; path = "EditorStore+CampaignManagement.swift"; sourceTree = "<group>"; };
		6E997DEEA064B81D83FD7F05 /* EditorStore+RealtimeSubscriptions.swift */ = {isa = PBXFileReference; includeInIndex = 1; lastKnownFileType = sourcecode.swift; path = "EditorStore+RealtimeSubscriptions.swift"; sourceTree = "<group>"; };
		72CFED3BDBA8CF05B9726E0F /* EmailAccount.swift */ = {isa = PBXFileReference; includeInIndex = 1; lastKnownFileType = sourcecode.swift; path = EmailAccount.swift; sourceTree = "<group>"; };
		75C8C1D400444D21A994CFD6 /* Logger.swift */ = {isa = PBXFileReference; lastKnownFileType = sourcecode.swift; name = Logger.swift; path = SwagManager/Utilities/Logger.swift; sourceTree = "<group>"; };
		76F09114B64EC1881FD6A75D /* NewStoreSheet.swift */ = {isa = PBXFileReference; includeInIndex = 1; lastKnownFileType = sourcecode.swift; path = Sheets/NewStoreSheet.swift; sourceTree = "<group>"; };
		7FDBF18331CA4307A522FEEA /* DetailComponents.swift */ = {isa = PBXFileReference; lastKnownFileType = sourcecode.swift; path = SwagManager/Core/Views/Detail/DetailComponents.swift; sourceTree = "<group>"; };
		847EF2E6EF2603E411B2BF5B /* SupabaseDecoder.swift */ = {isa = PBXFileReference; includeInIndex = 1; lastKnownFileType = sourcecode.swift; path = SupabaseDecoder.swift; sourceTree = "<group>"; };
		87DA9C0CED034F4785F1B2FB /* MainDetailView.swift */ = {isa = PBXFileReference; lastKnownFileType = sourcecode.swift; path = SwagManager/Core/Views/Detail/MainDetailView.swift; sourceTree = "<group>"; };
		8C9B5CD13F2F776DDB660C68 /* EmailCampaignDetailPanel.swift */ = {isa = PBXFileReference; includeInIndex = 1; lastKnownFileType = sourcecode.swift; path = EmailCampaignDetailPanel.swift; sourceTree = "<group>"; };
		9784A1FFCD36C824D3876DED /* FreezeDebugger.swift */ = {isa = PBXFileReference; includeInIndex = 1; lastKnownFileType = sourcecode.swift; path = FreezeDebugger.swift; sourceTree = "<group>"; };
		9A98EA59D1A740D68F892225 /* DetailListViews.swift */ = {isa = PBXFileReference; lastKnownFileType = sourcecode.swift; path = SwagManager/Core/Views/Detail/DetailListViews.swift; sourceTree = "<group>"; };
		9ABBF47A18E3DFF490AF1A29 /* EditorStore+Sidebar.swift */ = {isa = PBXFileReference; includeInIndex = 1; lastKnownFileType = sourcecode.swift; path = "EditorStore+Sidebar.swift"; sourceTree = "<group>"; };
		9C3B2C7358DD27BA111462E7 /* EditorStore+TabManagement.swift */ = {isa = PBXFileReference; includeInIndex = 1; lastKnownFileType = sourcecode.swift; path = "EditorStore+TabManagement.swift"; sourceTree = "<group>"; };
		9E4D920BBE26B7B36A6CCAB1 /* EditorTabComponents.swift */ = {isa = PBXFileReference; includeInIndex = 1; lastKnownFileType = sourcecode.swift; path = EditorTabComponents.swift; sourceTree = "<group>"; };
		A9AF491E538DBE3F7B1C89C2 /* ResendEmail.swift */ = {isa = PBXFileReference; includeInIndex = 1; lastKnownFileType = sourcecode.swift; name = ResendEmail.swift; path = SwagManager/Models/ResendEmail.swift; sourceTree = "<group>"; };
		AA1B2C3D4E5F678901234002 /* AIAgent.swift */ = {isa = PBXFileReference; lastKnownFileType = sourcecode.swift; path = AIAgent.swift; sourceTree = "<group>"; };
		ADD529C31FCE3421DB0C9C96 /* MarkdownCodeBlock.swift */ = {isa = PBXFileReference; includeInIndex = 1; lastKnownFileType = sourcecode.swift; path = MarkdownCodeBlock.swift; sourceTree = "<group>"; };
		AE532C0107D5B6F73F8FB4C9 /* EditorStore+StoreManagement.swift */ = {isa = PBXFileReference; includeInIndex = 1; lastKnownFileType = sourcecode.swift; path = "EditorStore+StoreManagement.swift"; sourceTree = "<group>"; };
		AEDA9B3F9BE988BFAEB925F0 /* Campaign.swift */ = {isa = PBXFileReference; includeInIndex = 1; lastKnownFileType = sourcecode.swift; path = Campaign.swift; sourceTree = "<group>"; };
		AGENT001 /* AgentConfigPanel.swift */ = {isa = PBXFileReference; lastKnownFileType = sourcecode.swift; path = AgentConfigPanel.swift; sourceTree = "<group>"; };
		AGENTCLIENT001 /* AgentClient.swift */ = {isa = PBXFileReference; lastKnownFileType = sourcecode.swift; path = AgentClient.swift; sourceTree = "<group>"; };
		AGENTPROC001 /* AgentProcessManager.swift */ = {isa = PBXFileReference; lastKnownFileType = sourcecode.swift; path = AgentProcessManager.swift; sourceTree = "<group>"; };
		AIAGENT001 /* EditorStore+AIAgents.swift */ = {isa = PBXFileReference; lastKnownFileType = sourcecode.swift; path = "EditorStore+AIAgents.swift"; sourceTree = "<group>"; };
		AICHAT001 /* AIChatPane.swift */ = {isa = PBXFileReference; lastKnownFileType = sourcecode.swift; path = AIChatPane.swift; sourceTree = "<group>"; };
		AICHAT003 /* AIChatStore.swift */ = {isa = PBXFileReference; lastKnownFileType = sourcecode.swift; path = AIChatStore.swift; sourceTree = "<group>"; };
		B7FA781BDC9835C7F5C476E3 /* WilsonTheme.swift */ = {isa = PBXFileReference; includeInIndex = 1; lastKnownFileType = sourcecode.swift; path = WilsonTheme.swift; sourceTree = "<group>"; };
		BB176339E487F3BE4BEE44E4 /* OpenTabItem.swift */ = {isa = PBXFileReference; includeInIndex = 1; lastKnownFileType = sourcecode.swift; path = OpenTabItem.swift; sourceTree = "<group>"; };
		BCADD87914F0AB0C5B180C63 /* StoreModels.swift */ = {isa = PBXFileReference; includeInIndex = 1; lastKnownFileType = sourcecode.swift; path = StoreModels.swift; sourceTree = "<group>"; };
		C4C641288A47B71AED2B5B2A /* GlassComponents.swift */ = {isa = PBXFileReference; includeInIndex = 1; lastKnownFileType = sourcecode.swift; path = GlassComponents.swift; sourceTree = "<group>"; };
		CAC4ED1B00000002DEADBEEF /* CachedAsyncImage.swift */ = {isa = PBXFileReference; includeInIndex = 1; lastKnownFileType = sourcecode.swift; name = CachedAsyncImage.swift; path = SwagManager/Components/CachedAsyncImage.swift; sourceTree = "<group>"; };
		D045171D32E041B5820F932E /* SyncService.swift */ = {isa = PBXFileReference; lastKnownFileType = sourcecode.swift; name = SyncService.swift; path = SwagManager/Core/Sync/SyncService.swift; sourceTree = "<group>"; };
		D4A7EDDA052CB3F913F685A5 /* EditorStore+Conversations.swift */ = {isa = PBXFileReference; includeInIndex = 1; lastKnownFileType = sourcecode.swift; path = "EditorStore+Conversations.swift"; sourceTree = "<group>"; };
		D646892B5257473211F8643E /* MarkdownTableBlocks.swift */ = {isa = PBXFileReference; includeInIndex = 1; lastKnownFileType = sourcecode.swift; path = MarkdownTableBlocks.swift; sourceTree = "<group>"; };
		DEA17BA81F22F9F313A8D428 /* EmailDomainSettingsView.swift */ = {isa = PBXFileReference; includeInIndex = 1; lastKnownFileType = sourcecode.swift; path = EmailDomainSettingsView.swift; sourceTree = "<group>"; };
		DED5AE218F6C3276C3C94EF2 /* TeamChatStore.swift */ = {isa = PBXFileReference; lastKnownFileType = sourcecode.swift; path = TeamChatStore.swift; sourceTree = "<group>"; };
		E0D997DDACBD653A34A02167 /* StatusBadge.swift */ = {isa = PBXFileReference; includeInIndex = 1; lastKnownFileType = sourcecode.swift; name = StatusBadge.swift; path = SwagManager/Components/StatusBadge.swift; sourceTree = "<group>"; };
		E13E9796FDD6C45C1E624D9B /* ChatService.swift */ = {isa = PBXFileReference; includeInIndex = 1; lastKnownFileType = sourcecode.swift; path = ChatService.swift; sourceTree = "<group>"; };
		E679485E9F62BF1F1D0496D5 /* EmailCategory.swift */ = {isa = PBXFileReference; includeInIndex = 1; lastKnownFileType = sourcecode.swift; name = EmailCategory.swift; path = SwagManager/Models/EmailCategory.swift; sourceTree = "<group>"; };
		EBB1449E28151B7DC033BF28 /* PanelToolbar.swift */ = {isa = PBXFileReference; includeInIndex = 1; lastKnownFileType = sourcecode.swift; path = PanelToolbar.swift; sourceTree = "<group>"; };
		F02AF96328BE578E43804220 /* MarkdownParser.swift */ = {isa = PBXFileReference; includeInIndex = 1; lastKnownFileType = sourcecode.swift; path = MarkdownParser.swift; sourceTree = "<group>"; };
		F166BF5D3473B66683BCC2DF /* LiquidGlass.swift */ = {isa = PBXFileReference; includeInIndex = 1; lastKnownFileType = sourcecode.swift; path = LiquidGlass.swift; sourceTree = "<group>"; };
		F46FDE28B2580AC21A422229 /* CartService.swift */ = {isa = PBXFileReference; includeInIndex = 1; lastKnownFileType = sourcecode.swift; path = CartService.swift; sourceTree = "<group>"; };
		INBOX0002FR /* InboxEmail.swift */ = {isa = PBXFileReference; includeInIndex = 1; lastKnownFileType = sourcecode.swift; name = InboxEmail.swift; path = SwagManager/Models/InboxEmail.swift; sourceTree = "<group>"; };
		INBOX0004FR /* InboxListView.swift */ = {isa = PBXFileReference; includeInIndex = 1; lastKnownFileType = sourcecode.swift; name = InboxListView.swift; path = SwagManager/Core/Views/Inbox/InboxListView.swift; sourceTree = "<group>"; };
		INBOX0006FR /* ThreadDetailView.swift */ = {isa = PBXFileReference; includeInIndex = 1; lastKnownFileType = sourcecode.swift; name = ThreadDetailView.swift; path = SwagManager/Core/Views/Inbox/ThreadDetailView.swift; sourceTree = "<group>"; };
		INBOX0008FR /* EditorStore+Inbox.swift */ = {isa = PBXFileReference; includeInIndex = 1; lastKnownFileType = sourcecode.swift; name = "EditorStore+Inbox.swift"; path = "SwagManager/Stores/EditorStore+Inbox.swift"; sourceTree = "<group>"; };
		PR001 /* SwagManager.app */ = {isa = PBXFileReference; explicitFileType = wrapper.application; includeInIndex = 0; path = SwagManager.app; sourceTree = BUILT_PRODUCTS_DIR; };
		RTEB0002 /* RealtimeEventBus.swift */ = {isa = PBXFileReference; includeInIndex = 1; lastKnownFileType = sourcecode.swift; name = RealtimeEventBus.swift; path = SwagManager/Services/RealtimeEventBus.swift; sourceTree = "<group>"; };
		SETTINGSCOMP01 /* SettingsComponents.swift */ = {isa = PBXFileReference; lastKnownFileType = sourcecode.swift; path = SwagManager/Core/Views/Detail/SettingsComponents.swift; sourceTree = "<group>"; };
		SF001 /* SwagManagerApp.swift */ = {isa = PBXFileReference; lastKnownFileType = sourcecode.swift; path = SwagManagerApp.swift; sourceTree = "<group>"; };
		SF002 /* ContentView.swift */ = {isa = PBXFileReference; lastKnownFileType = sourcecode.swift; path = ContentView.swift; sourceTree = "<group>"; };
		SF003 /* AuthView.swift */ = {isa = PBXFileReference; lastKnownFileType = sourcecode.swift; path = AuthView.swift; sourceTree = "<group>"; };
		SF005 /* AuthManager.swift */ = {isa = PBXFileReference; lastKnownFileType = sourcecode.swift; path = AuthManager.swift; sourceTree = "<group>"; };
		SF006 /* SupabaseService.swift */ = {isa = PBXFileReference; lastKnownFileType = sourcecode.swift; path = SupabaseService.swift; sourceTree = "<group>"; };
		SF010 /* AnyCodable.swift */ = {isa = PBXFileReference; lastKnownFileType = sourcecode.swift; path = AnyCodable.swift; sourceTree = "<group>"; };
		SF011 /* SettingsView.swift */ = {isa = PBXFileReference; lastKnownFileType = sourcecode.swift; path = SettingsView.swift; sourceTree = "<group>"; };
		SF012 /* SwagManager.entitlements */ = {isa = PBXFileReference; lastKnownFileType = text.plist.entitlements; path = SwagManager.entitlements; sourceTree = "<group>"; };
		SF013 /* Chat.swift */ = {isa = PBXFileReference; lastKnownFileType = sourcecode.swift; path = Chat.swift; sourceTree = "<group>"; };
		SF015 /* MarkdownText.swift */ = {isa = PBXFileReference; lastKnownFileType = sourcecode.swift; path = MarkdownText.swift; sourceTree = "<group>"; };
		SF910 /* DesignSystem.swift */ = {isa = PBXFileReference; lastKnownFileType = sourcecode.swift; path = DesignSystem.swift; sourceTree = "<group>"; };
		SF915 /* StateViews.swift */ = {isa = PBXFileReference; lastKnownFileType = sourcecode.swift; path = StateViews.swift; sourceTree = "<group>"; };
		SF916 /* ChatComponents.swift */ = {isa = PBXFileReference; lastKnownFileType = sourcecode.swift; path = ChatComponents.swift; sourceTree = "<group>"; };
		SF917 /* ButtonStyles.swift */ = {isa = PBXFileReference; lastKnownFileType = sourcecode.swift; path = ButtonStyles.swift; sourceTree = "<group>"; };
		SF919 /* Formatters.swift */ = {isa = PBXFileReference; lastKnownFileType = sourcecode.swift; path = Formatters.swift; sourceTree = "<group>"; };
		SFWZM /* WindowZoomManager.swift */ = {isa = PBXFileReference; lastKnownFileType = sourcecode.swift; path = WindowZoomManager.swift; sourceTree = "<group>"; };
		TELEMPANEL001 /* TelemetryPanel.swift */ = {isa = PBXFileReference; lastKnownFileType = sourcecode.swift; path = TelemetryPanel.swift; sourceTree = "<group>"; };
		TELEMSERV001 /* TelemetryService.swift */ = {isa = PBXFileReference; lastKnownFileType = sourcecode.swift; path = TelemetryService.swift; sourceTree = "<group>"; };
		USERTOOL002 /* UserTool.swift */ = {isa = PBXFileReference; lastKnownFileType = sourcecode.swift; path = UserTool.swift; sourceTree = "<group>"; };
		USERTOOLS001 /* EditorStore+UserTools.swift */ = {isa = PBXFileReference; lastKnownFileType = sourcecode.swift; path = "EditorStore+UserTools.swift"; sourceTree = "<group>"; };
/* End PBXFileReference section */

/* Begin PBXFrameworksBuildPhase section */
		PH001 /* Frameworks */ = {
			isa = PBXFrameworksBuildPhase;
			buildActionMask = 2147483647;
			files = (
				BF012 /* Supabase in Frameworks */,
				BF013 /* SwiftSoup in Frameworks */,
			);
			runOnlyForDeploymentPostprocessing = 0;
		};
/* End PBXFrameworksBuildPhase section */

/* Begin PBXGroup section */
		27678706E2F0F4EB2647A060 /* MCP */ = {
			isa = PBXGroup;
			children = (
			);
			name = MCP;
			sourceTree = "<group>";
		};
		33B302DF2F20A9A600364A85 /* Recovered References */ = {
			isa = PBXGroup;
			children = (
			);
			name = "Recovered References";
			sourceTree = "<group>";
		};
		51B0ED3A7FB24EEEED8965BE /* CRM */ = {
			isa = PBXGroup;
			children = (
				8C9B5CD13F2F776DDB660C68 /* EmailCampaignDetailPanel.swift */,
				27057ED54EF86B774D3410D0 /* MetaCampaignDetailPanel.swift */,
				5CB51E15DC125099B2A4A678 /* MetaIntegrationDetailPanel.swift */,
			);
			path = CRM;
			sourceTree = "<group>";
		};
		53796C01886C02052533C5D5 /* Product */ = {
			isa = PBXGroup;
			children = (
			);
			path = Product;
			sourceTree = "<group>";
		};
		5CFE8109C1832CEDD827208D /* Utils */ = {
			isa = PBXGroup;
			children = (
			);
			name = Utils;
			sourceTree = "<group>";
		};
		64CC328DD7ECFF2D922FDA7C /* Core */ = {
			isa = PBXGroup;
			children = (
				CC21345C972A5D523B1121F0 /* Views */,
			);
			name = Core;
			path = Core;
			sourceTree = "<group>";
		};
		6B76B5700BEEEDC24FA22A75 /* Cart */ = {
			isa = PBXGroup;
			children = (
			);
			path = Cart;
			sourceTree = "<group>";
		};
		6C7502AD33F7BE5CA6A083C1 /* Sheets */ = {
			isa = PBXGroup;
			children = (
				76F09114B64EC1881FD6A75D /* NewStoreSheet.swift */,
			);
			name = Sheets;
			sourceTree = "<group>";
		};
		6D13C1EBD8227C08F1D39A93 /* ProductEditor */ = {
			isa = PBXGroup;
			children = (
			);
			path = ProductEditor;
			sourceTree = "<group>";
		};
		9FB2B8EB12835CA7B0259DD5 /* Components */ = {
			isa = PBXGroup;
			children = (
			);
			path = Components;
			sourceTree = "<group>";
		};
		A8F03DFA70DD47427960D739 /* Sidebar */ = {
			isa = PBXGroup;
			children = (
			);
			path = Sidebar;
			sourceTree = "<group>";
		};
		B68A9B4223E347597FAFBF6A /* Agents */ = {
			isa = PBXGroup;
			children = (
				AGENT001 /* AgentConfigPanel.swift */,
				TELEMPANEL001 /* TelemetryPanel.swift */,
			);
			path = Agents;
			sourceTree = "<group>";
		};
		C1942E9BCCCD26C86D7BAB50 /* Tree */ = {
			isa = PBXGroup;
			children = (
			);
			path = Tree;
			sourceTree = "<group>";
		};
		CC21345C972A5D523B1121F0 /* Views */ = {
			isa = PBXGroup;
			children = (
				F638355D1DF2A29D7D6B4DA1 /* Inbox */,
			);
			name = Views;
			path = Views;
			sourceTree = "<group>";
		};
		DBC36D1DF878ED81CF40702D /* CRM */ = {
			isa = PBXGroup;
			children = (
			);
			name = CRM;
			sourceTree = "<group>";
		};
		F406D429B2A330F72794C32A /* Cards */ = {
			isa = PBXGroup;
			children = (
			);
			path = Cards;
			sourceTree = "<group>";
		};
		F638355D1DF2A29D7D6B4DA1 /* Inbox */ = {
			isa = PBXGroup;
			children = (
				DEA17BA81F22F9F313A8D428 /* EmailDomainSettingsView.swift */,
			);
			name = Inbox;
			path = Inbox;
			sourceTree = "<group>";
		};
		GR001 = {
			isa = PBXGroup;
			children = (
				GR002 /* SwagManager */,
				GR003 /* Products */,
				A9AF491E538DBE3F7B1C89C2 /* ResendEmail.swift */,
				INBOX0002FR /* InboxEmail.swift */,
				INBOX0004FR /* InboxListView.swift */,
				INBOX0006FR /* ThreadDetailView.swift */,
				INBOX0008FR /* EditorStore+Inbox.swift */,
				3B5188010AC5D2CD46FE496B /* EditorStore+Resend.swift */,
				E0D997DDACBD653A34A02167 /* StatusBadge.swift */,
				CAC4ED1B00000002DEADBEEF /* CachedAsyncImage.swift */,
				RTEB0002 /* RealtimeEventBus.swift */,
				E679485E9F62BF1F1D0496D5 /* EmailCategory.swift */,
				33B302DF2F20A9A600364A85 /* Recovered References */,
				3652BB4CA22A77EFC07AC14A /* PaymentService.swift */,
				55E3A32E4AD753FFBDE19EA6 /* PaymentTypes.swift */,
				0DB9903877369AD9B4E922F3 /* Register.swift */,
			);
			sourceTree = "<group>";
		};
		GR002 /* SwagManager */ = {
			isa = PBXGroup;
			children = (
				GR020 /* Theme */,
				GR021 /* Stores */,
				GR022 /* Components */,
				GR004 /* App */,
				GR005 /* Views */,
				GR006 /* Services */,
				GR007 /* Models */,
				GR008 /* Utilities */,
				SF012 /* SwagManager.entitlements */,
				5CFE8109C1832CEDD827208D /* Utils */,
				64CC328DD7ECFF2D922FDA7C /* Core */,
			);
			path = SwagManager;
			sourceTree = "<group>";
		};
		GR003 /* Products */ = {
			isa = PBXGroup;
			children = (
				PR001 /* SwagManager.app */,
			);
			name = Products;
			sourceTree = "<group>";
		};
		GR004 /* App */ = {
			isa = PBXGroup;
			children = (
				SF001 /* SwagManagerApp.swift */,
			);
			path = App;
			sourceTree = "<group>";
		};
		GR005 /* Views */ = {
			isa = PBXGroup;
			children = (
				GR023 /* Editor */,
				SF002 /* ContentView.swift */,
				GR009 /* Auth */,
				GR012 /* Browser */,
				GR011 /* Chat */,
				GR010 /* Settings */,
				6C7502AD33F7BE5CA6A083C1 /* Sheets */,
				6B76B5700BEEEDC24FA22A75 /* Cart */,
				DBC36D1DF878ED81CF40702D /* CRM */,
				51B0ED3A7FB24EEEED8965BE /* CRM */,
				27678706E2F0F4EB2647A060 /* MCP */,
				B68A9B4223E347597FAFBF6A /* Agents */,
			);
			path = Views;
			sourceTree = "<group>";
		};
		GR006 /* Services */ = {
			isa = PBXGroup;
			children = (
				AGENTCLIENT001 /* AgentClient.swift */,
				AGENTPROC001 /* AgentProcessManager.swift */,
				TELEMSERV001 /* TelemetryService.swift */,
				SF005 /* AuthManager.swift */,
				SF006 /* SupabaseService.swift */,
				E13E9796FDD6C45C1E624D9B /* ChatService.swift */,
				F46FDE28B2580AC21A422229 /* CartService.swift */,
				3DB5AAC8CC725B2066E83642 /* CampaignService.swift */,
				9784A1FFCD36C824D3876DED /* FreezeDebugger.swift */,
			);
			path = Services;
			sourceTree = "<group>";
		};
		GR007 /* Models */ = {
			isa = PBXGroup;
			children = (
				AA1B2C3D4E5F678901234002 /* AIAgent.swift */,
				USERTOOL002 /* UserTool.swift */,
				SF013 /* Chat.swift */,
				53796C01886C02052533C5D5 /* Product */,
				AEDA9B3F9BE988BFAEB925F0 /* Campaign.swift */,
				0C2ACD16B43B30FC3BE917B2 /* StoreEmailDomain.swift */,
				72CFED3BDBA8CF05B9726E0F /* EmailAccount.swift */,
				BCADD87914F0AB0C5B180C63 /* StoreModels.swift */,
				BB176339E487F3BE4BEE44E4 /* OpenTabItem.swift */,
			);
			path = Models;
			sourceTree = "<group>";
		};
		GR008 /* Utilities */ = {
			isa = PBXGroup;
			children = (
				SF919 /* Formatters.swift */,
				SFWZM /* WindowZoomManager.swift */,
				SF010 /* AnyCodable.swift */,
				847EF2E6EF2603E411B2BF5B /* SupabaseDecoder.swift */,
			);
			path = Utilities;
			sourceTree = "<group>";
		};
		GR009 /* Auth */ = {
			isa = PBXGroup;
			children = (
				SF003 /* AuthView.swift */,
			);
			path = Auth;
			sourceTree = "<group>";
		};
		GR010 /* Settings */ = {
			isa = PBXGroup;
			children = (
				SF011 /* SettingsView.swift */,
			);
			path = Settings;
			sourceTree = "<group>";
		};
		GR011 /* Chat */ = {
			isa = PBXGroup;
			children = (
				SF015 /* MarkdownText.swift */,
				F02AF96328BE578E43804220 /* MarkdownParser.swift */,
				3900932E64BF678E6CB4C6DE /* MarkdownTextBlocks.swift */,
				ADD529C31FCE3421DB0C9C96 /* MarkdownCodeBlock.swift */,
				D646892B5257473211F8643E /* MarkdownTableBlocks.swift */,
				F406D429B2A330F72794C32A /* Cards */,
				AICHAT001 /* AIChatPane.swift */,
				1A4ABBBD345DE63725C979D6 /* TeamChatView.swift */,
			);
			path = Chat;
			sourceTree = "<group>";
		};
		GR012 /* Browser */ = {
			isa = PBXGroup;
			children = (
				9FB2B8EB12835CA7B0259DD5 /* Components */,
			);
			path = Browser;
			sourceTree = "<group>";
		};
		GR020 /* Theme */ = {
			isa = PBXGroup;
			children = (
				SF910 /* DesignSystem.swift */,
				B7FA781BDC9835C7F5C476E3 /* WilsonTheme.swift */,
				F166BF5D3473B66683BCC2DF /* LiquidGlass.swift */,
				3923728FA5FA7581B5F98084 /* ModalComponents.swift */,
			);
			path = Theme;
			sourceTree = "<group>";
		};
		GR021 /* Stores */ = {
			isa = PBXGroup;
			children = (
				9C3B2C7358DD27BA111462E7 /* EditorStore+TabManagement.swift */,
				9ABBF47A18E3DFF490AF1A29 /* EditorStore+Sidebar.swift */,
				D4A7EDDA052CB3F913F685A5 /* EditorStore+Conversations.swift */,
				6E997DEEA064B81D83FD7F05 /* EditorStore+RealtimeSubscriptions.swift */,
				AE532C0107D5B6F73F8FB4C9 /* EditorStore+StoreManagement.swift */,
				6A202DCE559EA3D0CD05F1F5 /* EditorStore+CampaignManagement.swift */,
				AICHAT003 /* AIChatStore.swift */,
				DED5AE218F6C3276C3C94EF2 /* TeamChatStore.swift */,
				AIAGENT001 /* EditorStore+AIAgents.swift */,
				USERTOOLS001 /* EditorStore+UserTools.swift */,
			);
			path = Stores;
			sourceTree = "<group>";
		};
		GR022 /* Components */ = {
			isa = PBXGroup;
			children = (
				SF915 /* StateViews.swift */,
				SF916 /* ChatComponents.swift */,
				SF917 /* ButtonStyles.swift */,
				C1942E9BCCCD26C86D7BAB50 /* Tree */,
				C4C641288A47B71AED2B5B2A /* GlassComponents.swift */,
				9E4D920BBE26B7B36A6CCAB1 /* EditorTabComponents.swift */,
				EBB1449E28151B7DC033BF28 /* PanelToolbar.swift */,
			);
			path = Components;
			sourceTree = "<group>";
		};
		GR023 /* Editor */ = {
			isa = PBXGroup;
			children = (
				08637FF5F3F22AD1B75536D2 /* ReactRenderTemplate.swift */,
				6D13C1EBD8227C08F1D39A93 /* ProductEditor */,
				A8F03DFA70DD47427960D739 /* Sidebar */,
			);
			path = Editor;
			sourceTree = "<group>";
		};
/* End PBXGroup section */

/* Begin PBXNativeTarget section */
		TG001 /* SwagManager */ = {
			isa = PBXNativeTarget;
			buildConfigurationList = CL002 /* Build configuration list for PBXNativeTarget "SwagManager" */;
			buildPhases = (
				PH002 /* Sources */,
				PH001 /* Frameworks */,
			);
			buildRules = (
			);
			dependencies = (
			);
			name = SwagManager;
			packageProductDependencies = (
				PD001 /* Supabase */,
				PD002 /* SwiftSoup */,
			);
			productName = SwagManager;
			productReference = PR001 /* SwagManager.app */;
			productType = "com.apple.product-type.application";
		};
/* End PBXNativeTarget section */

/* Begin PBXProject section */
		PJ001 /* Project object */ = {
			isa = PBXProject;
			attributes = {
				BuildIndependentTargetsInParallel = 1;
				LastSwiftUpdateCheck = 1500;
				LastUpgradeCheck = 1500;
				TargetAttributes = {
					TG001 = {
						CreatedOnToolsVersion = 15.0;
					};
				};
			};
			buildConfigurationList = CL001 /* Build configuration list for PBXProject "SwagManager" */;
			compatibilityVersion = "Xcode 14.0";
			developmentRegion = en;
			hasScannedForEncodings = 0;
			knownRegions = (
				en,
				Base,
			);
			mainGroup = GR001;
			packageReferences = (
				PK001 /* XCRemoteSwiftPackageReference "supabase-swift" */,
				PK002 /* XCRemoteSwiftPackageReference "SwiftSoup" */,
			);
			productRefGroup = GR003 /* Products */;
			projectDirPath = "";
			projectRoot = "";
			targets = (
				TG001 /* SwagManager */,
			);
		};
/* End PBXProject section */

/* Begin PBXSourcesBuildPhase section */
		PH002 /* Sources */ = {
			isa = PBXSourcesBuildPhase;
			buildActionMask = 2147483647;
			files = (
				AGENTCLIENT002 /* AgentClient.swift in Sources */,
				AGENTPROC002 /* AgentProcessManager.swift in Sources */,
				TELEMSERV002 /* TelemetryService.swift in Sources */,
				TELEMPANEL002 /* TelemetryPanel.swift in Sources */,
				AICHAT002 /* AIChatPane.swift in Sources */,
				AICHAT004 /* AIChatStore.swift in Sources */,
				10C05533931EFB19A161D509 /* TeamChatStore.swift in Sources */,
				A93843508C2D3AB315E834D8 /* TeamChatView.swift in Sources */,
				AGENT002 /* AgentConfigPanel.swift in Sources */,
				AIAGENT002 /* EditorStore+AIAgents.swift in Sources */,
				USERTOOLS002 /* EditorStore+UserTools.swift in Sources */,
				AA1B2C3D4E5F678901234001 /* AIAgent.swift in Sources */,
				USERTOOL001 /* UserTool.swift in Sources */,
				6795C10CF210455184DC0017 /* Logger.swift in Sources */,
				875C25FAC29F46FF9DD3CFBC /* SelectableChip.swift in Sources */,
				941A13DDB5CA4024808A7AF8 /* Haptics.swift in Sources */,
				B0DD1CB668504C3BB8A8C297 /* NavigationItem.swift in Sources */,
				4BFD79F0494049A2B6D87728 /* SyncService.swift in Sources */,
				6FF658B918CE4253A4309A96 /* AppleContentView.swift in Sources */,
				BF910 /* DesignSystem.swift in Sources */,
				BF915 /* StateViews.swift in Sources */,
				BF916 /* ChatComponents.swift in Sources */,
				BF917 /* ButtonStyles.swift in Sources */,
				BF919 /* Formatters.swift in Sources */,
				BF001 /* SwagManagerApp.swift in Sources */,
				BF002 /* ContentView.swift in Sources */,
				BF003 /* AuthView.swift in Sources */,
				BF005 /* AuthManager.swift in Sources */,
				BF006 /* SupabaseService.swift in Sources */,
				BFWZM /* WindowZoomManager.swift in Sources */,
				BF010 /* AnyCodable.swift in Sources */,
				BF011 /* SettingsView.swift in Sources */,
				BF014 /* Chat.swift in Sources */,
				BF016 /* MarkdownText.swift in Sources */,
				9355917976DFD7DCE615719F /* ChatService.swift in Sources */,
				ABAF4F978CDEEC6ECEB2C60D /* WilsonTheme.swift in Sources */,
				C305E57D422FF2118AF02153 /* MarkdownParser.swift in Sources */,
				C746FE7DDA1A3A62A9986699 /* MarkdownTextBlocks.swift in Sources */,
				26904178A4DDB5FEB9669EBD /* MarkdownCodeBlock.swift in Sources */,
				083FFA444D8304CB32281877 /* MarkdownTableBlocks.swift in Sources */,
				49D480EE888D3D55D190C74C /* EditorStore+TabManagement.swift in Sources */,
				888B5B2FF9EDB79C5BA116C6 /* NewStoreSheet.swift in Sources */,
				BFB68F9CE43C11A18522A01C /* SupabaseDecoder.swift in Sources */,
				EA2FDC792460646CC8999AD9 /* EditorStore+Sidebar.swift in Sources */,
				CADD9A21979C3EEDFA1E57A3 /* EditorStore+Conversations.swift in Sources */,
				056B802DFD1A814921946476 /* EditorStore+RealtimeSubscriptions.swift in Sources */,
				69E8F88CF5E738D72FDE2C5A /* EditorStore+StoreManagement.swift in Sources */,
				54D7FA926D21BC65D993D2CF /* ResendEmail.swift in Sources */,
				INBOX0001BF /* InboxEmail.swift in Sources */,
				INBOX0003BF /* InboxListView.swift in Sources */,
				INBOX0005BF /* ThreadDetailView.swift in Sources */,
				INBOX0007BF /* EditorStore+Inbox.swift in Sources */,
				2E08603673A80283FDAB37D5 /* EditorStore+Resend.swift in Sources */,
				31633C0293205FD6D5BDA791 /* StatusBadge.swift in Sources */,
				CAC4ED1A00000001DEADBEEF /* CachedAsyncImage.swift in Sources */,
				RTEB0001 /* RealtimeEventBus.swift in Sources */,
				99F7D86E9CCBDF17EA993985 /* EmailCategory.swift in Sources */,
				1AB7818AFD6D8215FE6BC2F7 /* BuildFile in Sources */,
				AD4D69BBAFA165B7D1D3E1A6 /* CartService.swift in Sources */,
				F3D41362AE5E153395F7121A /* Campaign.swift in Sources */,
				D44B8AC5654D01FFDBB62B67 /* CampaignService.swift in Sources */,
				FD0576316548D25A7B05F248 /* EditorStore+CampaignManagement.swift in Sources */,
				A6275971942655122016D482 /* EmailCampaignDetailPanel.swift in Sources */,
				0B8D3A7DF48A6D3705D08A1D /* MetaCampaignDetailPanel.swift in Sources */,
				3BF63D08F0C9297CBB0F0650 /* MetaIntegrationDetailPanel.swift in Sources */,
				016B1ADA701486EC2B715B92 /* GlassComponents.swift in Sources */,
				77A29F2EDA4D028CEBAFAFF6 /* EditorTabComponents.swift in Sources */,
				B81F6CB4F14856C1C1F794F1 /* LiquidGlass.swift in Sources */,
				BB9396136B4166BC80284B09 /* ModalComponents.swift in Sources */,
				21A51D2DA2CCB6420E0D3B44 /* BuildFile in Sources */,
				37572BCC34D1DD6C9D9B12BB /* PaymentService.swift in Sources */,
				D5BCBDDB63F483512BF3C47A /* PaymentTypes.swift in Sources */,
				D821E5D1B9C6823F201C662D /* Register.swift in Sources */,
				3BF1D0F782574BF28E60059A /* MainSidebar.swift in Sources */,
				01C113F80E1B42F783EB72DC /* MainDetailView.swift in Sources */,
				157B109A519D43198FF416C5 /* DetailWrappers.swift in Sources */,
				F44A25A0D38540B6836E6DE7 /* DetailListViews.swift in Sources */,
				10E9884A1BC4429D964D7086 /* DetailComponents.swift in Sources */,
				SETTINGSCOMP02 /* SettingsComponents.swift in Sources */,
				E69EC3886DAC42A5B1E04F53 /* SDSidebarItem.swift in Sources */,
				D8B59C45DB9F5C201F1954D1 /* StoreEmailDomain.swift in Sources */,
				7CF35BFFD7E887D567C3D6A5 /* EmailDomainSettingsView.swift in Sources */,
				3CBB5B4AFD3F2DFE57091F05 /* EmailAccount.swift in Sources */,
				3517DD6743A397516EC989E4 /* OpenTabItem.swift in Sources */,
				D017E131684C0759D1D1C35B /* StoreModels.swift in Sources */,
				08A4911C069F89659124B015 /* PanelToolbar.swift in Sources */,
				B25D681FC4B50617B90180BD /* FreezeDebugger.swift in Sources */,
			);
			runOnlyForDeploymentPostprocessing = 0;
		};
/* End PBXSourcesBuildPhase section */

/* Begin XCBuildConfiguration section */
		BC001 /* Debug */ = {
			isa = XCBuildConfiguration;
			buildSettings = {
				ALWAYS_SEARCH_USER_PATHS = NO;
				ASSETCATALOG_COMPILER_GENERATE_SWIFT_ASSET_SYMBOL_EXTENSIONS = YES;
				CLANG_ANALYZER_NONNULL = YES;
				CLANG_CXX_LANGUAGE_STANDARD = "gnu++20";
				CLANG_ENABLE_MODULES = YES;
				CLANG_ENABLE_OBJC_ARC = YES;
				COPY_PHASE_STRIP = NO;
				DEBUG_INFORMATION_FORMAT = dwarf;
				ENABLE_STRICT_OBJC_MSGSEND = YES;
				ENABLE_TESTABILITY = YES;
				GCC_DYNAMIC_NO_PIC = NO;
				GCC_OPTIMIZATION_LEVEL = 0;
				GCC_PREPROCESSOR_DEFINITIONS = (
					"DEBUG=1",
					"$(inherited)",
				);
				GCC_WARN_64_TO_32_BIT_CONVERSION = YES;
				GCC_WARN_UNINITIALIZED_AUTOS = YES_AGGRESSIVE;
				GCC_WARN_UNUSED_FUNCTION = YES;
				MACOSX_DEPLOYMENT_TARGET = 14.0;
				MTL_ENABLE_DEBUG_INFO = INCLUDE_SOURCE;
				ONLY_ACTIVE_ARCH = YES;
				SDKROOT = macosx;
				SWIFT_ACTIVE_COMPILATION_CONDITIONS = DEBUG;
				SWIFT_OPTIMIZATION_LEVEL = "-Onone";
			};
			name = Debug;
		};
		BC002 /* Release */ = {
			isa = XCBuildConfiguration;
			buildSettings = {
				ALWAYS_SEARCH_USER_PATHS = NO;
				ASSETCATALOG_COMPILER_GENERATE_SWIFT_ASSET_SYMBOL_EXTENSIONS = YES;
				CLANG_ANALYZER_NONNULL = YES;
				CLANG_CXX_LANGUAGE_STANDARD = "gnu++20";
				CLANG_ENABLE_MODULES = YES;
				CLANG_ENABLE_OBJC_ARC = YES;
				COPY_PHASE_STRIP = NO;
				DEBUG_INFORMATION_FORMAT = "dwarf-with-dsym";
				ENABLE_NS_ASSERTIONS = NO;
				ENABLE_STRICT_OBJC_MSGSEND = YES;
				GCC_WARN_64_TO_32_BIT_CONVERSION = YES;
				GCC_WARN_UNINITIALIZED_AUTOS = YES_AGGRESSIVE;
				GCC_WARN_UNUSED_FUNCTION = YES;
				MACOSX_DEPLOYMENT_TARGET = 14.0;
				MTL_ENABLE_DEBUG_INFO = NO;
				SDKROOT = macosx;
				SWIFT_COMPILATION_MODE = wholemodule;
				SWIFT_OPTIMIZATION_LEVEL = "-O";
			};
			name = Release;
		};
		BC003 /* Debug */ = {
			isa = XCBuildConfiguration;
			buildSettings = {
				ASSETCATALOG_COMPILER_APPICON_NAME = AppIcon;
				CODE_SIGN_ENTITLEMENTS = SwagManager/SwagManager.entitlements;
				CODE_SIGN_STYLE = Automatic;
				COMBINE_HIDPI_IMAGES = YES;
				CURRENT_PROJECT_VERSION = 1;
				DEVELOPMENT_TEAM = Y9Q7L7SGR3;
				ENABLE_HARDENED_RUNTIME = NO;
				GENERATE_INFOPLIST_FILE = YES;
				INFOPLIST_KEY_LSApplicationCategoryType = "public.app-category.developer-tools";
				INFOPLIST_KEY_NSHumanReadableCopyright = "";
				LD_RUNPATH_SEARCH_PATHS = (
					"$(inherited)",
					"@executable_path/../Frameworks",
				);
				MARKETING_VERSION = 1.0;
				PRODUCT_BUNDLE_IDENTIFIER = com.floradistro.SwagManager;
				PRODUCT_NAME = "$(TARGET_NAME)";
				SWIFT_EMIT_LOC_STRINGS = YES;
				SWIFT_VERSION = 5.0;
			};
			name = Debug;
		};
		BC004 /* Release */ = {
			isa = XCBuildConfiguration;
			buildSettings = {
				ASSETCATALOG_COMPILER_APPICON_NAME = AppIcon;
				CODE_SIGN_ENTITLEMENTS = SwagManager/SwagManager.entitlements;
				CODE_SIGN_STYLE = Automatic;
				COMBINE_HIDPI_IMAGES = YES;
				CURRENT_PROJECT_VERSION = 1;
				DEVELOPMENT_TEAM = Y9Q7L7SGR3;
				ENABLE_HARDENED_RUNTIME = NO;
				GENERATE_INFOPLIST_FILE = YES;
				INFOPLIST_KEY_LSApplicationCategoryType = "public.app-category.developer-tools";
				INFOPLIST_KEY_NSHumanReadableCopyright = "";
				LD_RUNPATH_SEARCH_PATHS = (
					"$(inherited)",
					"@executable_path/../Frameworks",
				);
				MARKETING_VERSION = 1.0;
				PRODUCT_BUNDLE_IDENTIFIER = com.floradistro.SwagManager;
				PRODUCT_NAME = "$(TARGET_NAME)";
				SWIFT_EMIT_LOC_STRINGS = YES;
				SWIFT_VERSION = 5.0;
			};
			name = Release;
		};
/* End XCBuildConfiguration section */

/* Begin XCConfigurationList section */
		CL001 /* Build configuration list for PBXProject "SwagManager" */ = {
			isa = XCConfigurationList;
			buildConfigurations = (
				BC001 /* Debug */,
				BC002 /* Release */,
			);
			defaultConfigurationIsVisible = 0;
			defaultConfigurationName = Release;
		};
		CL002 /* Build configuration list for PBXNativeTarget "SwagManager" */ = {
			isa = XCConfigurationList;
			buildConfigurations = (
				BC003 /* Debug */,
				BC004 /* Release */,
			);
			defaultConfigurationIsVisible = 0;
			defaultConfigurationName = Release;
		};
/* End XCConfigurationList section */

/* Begin XCRemoteSwiftPackageReference section */
		PK001 /* XCRemoteSwiftPackageReference "supabase-swift" */ = {
			isa = XCRemoteSwiftPackageReference;
			repositoryURL = "https://github.com/supabase/supabase-swift.git";
			requirement = {
				kind = upToNextMajorVersion;
				minimumVersion = 2.0.0;
			};
		};
		PK002 /* XCRemoteSwiftPackageReference "SwiftSoup" */ = {
			isa = XCRemoteSwiftPackageReference;
			repositoryURL = "https://github.com/scinfu/SwiftSoup.git";
			requirement = {
				kind = upToNextMajorVersion;
				minimumVersion = 2.6.0;
			};
		};
/* End XCRemoteSwiftPackageReference section */

/* Begin XCSwiftPackageProductDependency section */
		PD001 /* Supabase */ = {
			isa = XCSwiftPackageProductDependency;
			package = PK001 /* XCRemoteSwiftPackageReference "supabase-swift" */;
			productName = Supabase;
		};
		PD002 /* SwiftSoup */ = {
			isa = XCSwiftPackageProductDependency;
			package = PK002 /* XCRemoteSwiftPackageReference "SwiftSoup" */;
			productName = SwiftSoup;
		};
/* End XCSwiftPackageProductDependency section */
	};
	rootObject = PJ001 /* Project object */;
}
